
Microsoft Visual Studio Solution File, Format Version 11.00
# Visual Studio 2010
# SharpDevelop 5.1
Project("{FAE04EC0-301F-11D3-BF4B-00C04F79EFBC}") = "sar", "sar\sar.csproj", "{74862D71-2342-4EAE-8C29-D25F2A195677}"
EndProject
Project("{FAE04EC0-301F-11D3-BF4B-00C04F79EFBC}") = "sarTesting", "sarTesting\sarTesting.csproj", "{CF782D66-812A-46EE-9E1D-95879FC285D0}"
EndProject
Project("{FAE04EC0-301F-11D3-BF4B-00C04F79EFBC}") = "sarControls", "sarControls\sarControls.csproj", "{304FB8D1-948C-42A1-AB22-8802FB42E8B0}"
EndProject
Project("{FAE04EC0-301F-11D3-BF4B-00C04F79EFBC}") = "sarValidate", "sarValidate\sarValidate.csproj", "{C240AC11-57E3-4E06-AC91-6FD4592C41F2}"
EndProject
Global
	GlobalSection(SolutionConfigurationPlatforms) = preSolution
		Debug|NET35 = Debug|NET35
		Debug|NET20 = Debug|NET20
		Release|NET35 = Release|NET35
		Release|NET20 = Release|NET20
	EndGlobalSection
	GlobalSection(ProjectConfigurationPlatforms) = postSolution
		{74862D71-2342-4EAE-8C29-D25F2A195677}.Debug|NET35.ActiveCfg = Debug|NET35
		{74862D71-2342-4EAE-8C29-D25F2A195677}.Debug|NET35.Build.0 = Debug|NET35
		{74862D71-2342-4EAE-8C29-D25F2A195677}.Debug|NET20.ActiveCfg = Debug|NET20
		{74862D71-2342-4EAE-8C29-D25F2A195677}.Debug|NET20.Build.0 = Debug|NET20
		{74862D71-2342-4EAE-8C29-D25F2A195677}.Release|NET35.ActiveCfg = Release|NET35
		{74862D71-2342-4EAE-8C29-D25F2A195677}.Release|NET35.Build.0 = Release|NET35
		{74862D71-2342-4EAE-8C29-D25F2A195677}.Release|NET20.ActiveCfg = Release|NET20
		{74862D71-2342-4EAE-8C29-D25F2A195677}.Release|NET20.Build.0 = Release|NET20
		{CF782D66-812A-46EE-9E1D-95879FC285D0}.Debug|NET35.ActiveCfg = Debug|Any CPU
		{CF782D66-812A-46EE-9E1D-95879FC285D0}.Debug|NET35.Build.0 = Debug|Any CPU
		{CF782D66-812A-46EE-9E1D-95879FC285D0}.Debug|NET20.ActiveCfg = Debug|Any CPU
		{CF782D66-812A-46EE-9E1D-95879FC285D0}.Debug|NET20.Build.0 = Debug|Any CPU
		{CF782D66-812A-46EE-9E1D-95879FC285D0}.Release|NET35.ActiveCfg = Release|Any CPU
		{CF782D66-812A-46EE-9E1D-95879FC285D0}.Release|NET35.Build.0 = Release|Any CPU
		{CF782D66-812A-46EE-9E1D-95879FC285D0}.Release|NET20.ActiveCfg = Release|Any CPU
		{CF782D66-812A-46EE-9E1D-95879FC285D0}.Release|NET20.Build.0 = Release|Any CPU
		{304FB8D1-948C-42A1-AB22-8802FB42E8B0}.Debug|NET35.ActiveCfg = Debug|Any CPU
		{304FB8D1-948C-42A1-AB22-8802FB42E8B0}.Debug|NET35.Build.0 = Debug|Any CPU
		{304FB8D1-948C-42A1-AB22-8802FB42E8B0}.Debug|NET20.ActiveCfg = Debug|Any CPU
		{304FB8D1-948C-42A1-AB22-8802FB42E8B0}.Debug|NET20.Build.0 = Debug|Any CPU
		{304FB8D1-948C-42A1-AB22-8802FB42E8B0}.Release|NET35.ActiveCfg = Release|Any CPU
		{304FB8D1-948C-42A1-AB22-8802FB42E8B0}.Release|NET35.Build.0 = Release|Any CPU
		{304FB8D1-948C-42A1-AB22-8802FB42E8B0}.Release|NET20.ActiveCfg = Release|Any CPU
		{304FB8D1-948C-42A1-AB22-8802FB42E8B0}.Release|NET20.Build.0 = Release|Any CPU
		{C240AC11-57E3-4E06-AC91-6FD4592C41F2}.Debug|NET35.ActiveCfg = Debug|Any CPU
		{C240AC11-57E3-4E06-AC91-6FD4592C41F2}.Debug|NET35.Build.0 = Debug|Any CPU
		{C240AC11-57E3-4E06-AC91-6FD4592C41F2}.Debug|NET20.ActiveCfg = Debug|Any CPU
		{C240AC11-57E3-4E06-AC91-6FD4592C41F2}.Debug|NET20.Build.0 = Debug|Any CPU
		{C240AC11-57E3-4E06-AC91-6FD4592C41F2}.Release|NET35.ActiveCfg = Release|Any CPU
		{C240AC11-57E3-4E06-AC91-6FD4592C41F2}.Release|NET35.Build.0 = Release|Any CPU
		{C240AC11-57E3-4E06-AC91-6FD4592C41F2}.Release|NET20.ActiveCfg = Release|Any CPU
		{C240AC11-57E3-4E06-AC91-6FD4592C41F2}.Release|NET20.Build.0 = Release|Any CPU
	EndGlobalSection
EndGlobal
