
Microsoft Visual Studio Solution File, Format Version 11.00
# Visual Studio 2010
# SharpDevelop 5.1
Project("{FAE04EC0-301F-11D3-BF4B-00C04F79EFBC}") = "quickLog", "quickLog\source\quickLog.csproj", "{1A2E20F1-0940-4E89-ADCD-3F4EF0B96066}"
EndProject
Global
	GlobalSection(SolutionConfigurationPlatforms) = preSolution
		Debug|x86 = Debug|x86
		Release|x86 = Release|x86
	EndGlobalSection
	GlobalSection(ProjectConfigurationPlatforms) = postSolution
		{1A2E20F1-0940-4E89-ADCD-3F4EF0B96066}.Debug|x86.ActiveCfg = Debug|x86
		{1A2E20F1-0940-4E89-ADCD-3F4EF0B96066}.Debug|x86.Build.0 = Debug|x86
		{1A2E20F1-0940-4E89-ADCD-3F4EF0B96066}.Release|x86.ActiveCfg = Release|x86
		{1A2E20F1-0940-4E89-ADCD-3F4EF0B96066}.Release|x86.Build.0 = Release|x86
	EndGlobalSection
EndGlobal
